{
    "_readme": [
        "This file locks the dependencies of your project to a known state",
        "Read more about it at https://getcomposer.org/doc/01-basic-usage.md#composer-lock-the-lock-file",
        "This file is @generated automatically"
    ],
    "hash": "198f3d1394e31acb6fa5ffefca8f56c4",
    "content-hash": "7ebea0e95828fdb25341e7326520fe55",
    "packages": [
        {
            "name": "szenis/routing",
            "version": "0.1.0.x-dev",
            "source": {
                "type": "git",
                "url": "https://github.com/stein189/SimpleRouting.git",
                "reference": "17590bddee0de9a60ccd376395123cd81d4935e1"
            },
            "dist": {
                "type": "zip",
                "url": "https://api.github.com/repos/stein189/SimpleRouting/zipball/17590bddee0de9a60ccd376395123cd81d4935e1",
                "reference": "17590bddee0de9a60ccd376395123cd81d4935e1",
                "shasum": ""
            },
            "require": {
                "php": ">=5.3.0"
            },
            "type": "library",
            "autoload": {
                "psr-4": {
                    "Szenis\\": "src/"
                }
            },
            "notification-url": "https://packagist.org/downloads/",
            "license": [
                "MIT"
            ],
            "authors": [
                {
                    "name": "Stein Janssen",
                    "email": "stein96@live.nl",
                    "homepage": "http://codehub.nl/",
                    "role": "Creator/Developer"
                }
            ],
            "description": "A small PHP router",
            "keywords": [
                "router",
                "routing"
            ],
            "time": "2016-01-25 20:11:11"
        }
    ],
    "packages-dev": [],
    "aliases": [],
    "minimum-stability": "dev",
    "stability-flags": [],
    "prefer-stable": false,
    "prefer-lowest": false,
    "platform": [],
    "platform-dev": []
}
